
Microsoft Visual Studio Solution File, Format Version 12.00
# Visual Studio 15
Project("{FAE04EC0-301F-11D3-BF4B-00C04F79EFBC}") = "MateuszSliwkaLab7ZadDom", "MateuszSliwkaLab7ZadDom\MateuszSliwkaLab7ZadDom.csproj", "{91FCBD89-EC68-47BA-AF07-7B9B9E823AD2}"
EndProject
Global
	GlobalSection(SolutionConfigurationPlatforms) = preSolution
		Debug|Any CPU = Debug|Any CPU
		Release|Any CPU = Release|Any CPU
	EndGlobalSection
	GlobalSection(ProjectConfigurationPlatforms) = postSolution
		{91FCBD89-EC68-47BA-AF07-7B9B9E823AD2}.Debug|Any CPU.ActiveCfg = Debug|Any CPU
		{91FCBD89-EC68-47BA-AF07-7B9B9E823AD2}.Debug|Any CPU.Build.0 = Debug|Any CPU
		{91FCBD89-EC68-47BA-AF07-7B9B9E823AD2}.Release|Any CPU.ActiveCfg = Release|Any CPU
		{91FCBD89-EC68-47BA-AF07-7B9B9E823AD2}.Release|Any CPU.Build.0 = Release|Any CPU
	EndGlobalSection
EndGlobal
